<?xml version="1.0" encoding="utf-8"?>
<Project ToolsVersion="4.0" xmlns="http://schemas.microsoft.com/developer/msbuild/2003">
  <ItemGroup>
    <Filter Include="Source Files">
      <UniqueIdentifier>{4FC737F1-C7A5-4376-A066-2A32D752A2FF}</UniqueIdentifier>
      <Extensions>cpp;c;cxx;def;odl;idl;hpj;bat;asm;asmx</Extensions>
    </Filter>
    <Filter Include="Header Files">
      <UniqueIdentifier>{93995380-89BD-4b04-88EB-625FBE52EBFB}</UniqueIdentifier>
      <Extensions>h;hpp;hxx;hm;inl;inc;xsd</Extensions>
    </Filter>
    <Filter Include="Resource Files">
      <UniqueIdentifier>{67DA6AB6-F800-4c08-8B7A-83BB121AAD01}</UniqueIdentifier>
      <Extensions>rc;ico;cur;bmp;dlg;rc2;rct;bin;rgs;gif;jpg;jpeg;jpe;resx</Extensions>
    </Filter>
    <Filter Include="DXUT">
      <UniqueIdentifier>{5aa4a561-a44a-4e2d-aa8a-d22a87e8c200}</UniqueIdentifier>
    </Filter>
    <Filter Include="DXUT\Header Files">
      <UniqueIdentifier>{6a2b1780-6d18-4448-be03-b0f60139bb39}</UniqueIdentifier>
    </Filter>
    <Filter Include="DXUT\Source Files">
      <UniqueIdentifier>{1e83a56f-2458-4255-b3ff-7a73606a0cec}</UniqueIdentifier>
    </Filter>
  </ItemGroup>
  <ItemGroup>
    <ClCompile Include="3DSound.cpp">
      <Filter>Source Files</Filter>
    </ClCompile>
    <ClCompile Include="aiShip.cpp">
      <Filter>Source Files</Filter>
    </ClCompile>
    <ClCompile Include="animatedTexture.cpp">
      <Filter>Source Files</Filter>
    </ClCompile>
    <ClCompile Include="billboardSprite.cpp">
      <Filter>Source Files</Filter>
    </ClCompile>
    <ClCompile Include="boundingBox.cpp">
      <Filter>Source Files</Filter>
    </ClCompile>
    <ClCompile Include="boundingSphere.cpp">
      <Filter>Source Files</Filter>
    </ClCompile>
    <ClCompile Include="briefingScreen.cpp">
      <Filter>Source Files</Filter>
    </ClCompile>
    <ClCompile Include="capabilities.cpp">
      <Filter>Source Files</Filter>
    </ClCompile>
    <ClCompile Include="capitalShip.cpp">
      <Filter>Source Files</Filter>
    </ClCompile>
    <ClCompile Include="cubeEnviroment.cpp">
      <Filter>Source Files</Filter>
    </ClCompile>
    <ClCompile Include="d3dApplication.cpp">
      <Filter>Source Files</Filter>
    </ClCompile>
    <ClCompile Include="d3dfont.cpp">
      <Filter>Source Files</Filter>
    </ClCompile>
    <ClCompile Include="explosion.cpp">
      <Filter>Source Files</Filter>
    </ClCompile>
    <ClCompile Include="fire.cpp">
      <Filter>Source Files</Filter>
    </ClCompile>
    <ClCompile Include="gameInput.cpp">
      <Filter>Source Files</Filter>
    </ClCompile>
    <ClCompile Include="gameObjects.cpp">
      <Filter>Source Files</Filter>
    </ClCompile>
    <ClCompile Include="imageSequence.cpp">
      <Filter>Source Files</Filter>
    </ClCompile>
    <ClCompile Include="light.cpp">
      <Filter>Source Files</Filter>
    </ClCompile>
    <ClCompile Include="main.cpp">
      <Filter>Source Files</Filter>
    </ClCompile>
    <ClCompile Include="missionSystem.cpp">
      <Filter>Source Files</Filter>
    </ClCompile>
    <ClCompile Include="mp3Player.cpp">
      <Filter>Source Files</Filter>
    </ClCompile>
    <ClCompile Include="objectTransform.cpp">
      <Filter>Source Files</Filter>
    </ClCompile>
    <ClCompile Include="playerShip.cpp">
      <Filter>Source Files</Filter>
    </ClCompile>
    <ClCompile Include="pSystem.cpp">
      <Filter>Source Files</Filter>
    </ClCompile>
    <ClCompile Include="ship.cpp">
      <Filter>Source Files</Filter>
    </ClCompile>
    <ClCompile Include="spaceDust.cpp">
      <Filter>Source Files</Filter>
    </ClCompile>
    <ClCompile Include="viewObject.cpp">
      <Filter>Source Files</Filter>
    </ClCompile>
    <ClCompile Include="Core\dxerr.cpp">
      <Filter>DXUT\Source Files</Filter>
    </ClCompile>
    <ClCompile Include="Core\DXUT.cpp">
      <Filter>DXUT\Source Files</Filter>
    </ClCompile>
    <ClCompile Include="Core\DXUTenum.cpp">
      <Filter>DXUT\Source Files</Filter>
    </ClCompile>
    <ClCompile Include="Core\DXUTmisc.cpp">
      <Filter>DXUT\Source Files</Filter>
    </ClCompile>
    <ClCompile Include="dsutil.cpp">
      <Filter>Source Files</Filter>
    </ClCompile>
    <ClCompile Include="dxutil.cpp">
      <Filter>Source Files</Filter>
    </ClCompile>
  </ItemGroup>
  <ItemGroup>
    <ClInclude Include="3DSound.h">
      <Filter>Header Files</Filter>
    </ClInclude>
    <ClInclude Include="aiShip.h">
      <Filter>Header Files</Filter>
    </ClInclude>
    <ClInclude Include="animatedTexture.h">
      <Filter>Header Files</Filter>
    </ClInclude>
    <ClInclude Include="attribute.h">
      <Filter>Header Files</Filter>
    </ClInclude>
    <ClInclude Include="basicColours.h">
      <Filter>Header Files</Filter>
    </ClInclude>
    <ClInclude Include="billboardSprite.h">
      <Filter>Header Files</Filter>
    </ClInclude>
    <ClInclude Include="boundary.h">
      <Filter>Header Files</Filter>
    </ClInclude>
    <ClInclude Include="boundingBox.h">
      <Filter>Header Files</Filter>
    </ClInclude>
    <ClInclude Include="boundingSphere.h">
      <Filter>Header Files</Filter>
    </ClInclude>
    <ClInclude Include="briefingScreen.h">
      <Filter>Header Files</Filter>
    </ClInclude>
    <ClInclude Include="capabilities.h">
      <Filter>Header Files</Filter>
    </ClInclude>
    <ClInclude Include="capitalShip.h">
      <Filter>Header Files</Filter>
    </ClInclude>
    <ClInclude Include="cubeEnviroment.h">
      <Filter>Header Files</Filter>
    </ClInclude>
    <ClInclude Include="d3dApplication.h">
      <Filter>Header Files</Filter>
    </ClInclude>
    <ClInclude Include="d3dfont.h">
      <Filter>Header Files</Filter>
    </ClInclude>
    <ClInclude Include="event.h">
      <Filter>Header Files</Filter>
    </ClInclude>
    <ClInclude Include="explosion.h">
      <Filter>Header Files</Filter>
    </ClInclude>
    <ClInclude Include="fire.h">
      <Filter>Header Files</Filter>
    </ClInclude>
    <ClInclude Include="frustumPlane.h">
      <Filter>Header Files</Filter>
    </ClInclude>
    <ClInclude Include="gameInput.h">
      <Filter>Header Files</Filter>
    </ClInclude>
    <ClInclude Include="gameObjects.h">
      <Filter>Header Files</Filter>
    </ClInclude>
    <ClInclude Include="gameSettings.h">
      <Filter>Header Files</Filter>
    </ClInclude>
    <ClInclude Include="imageSequence.h">
      <Filter>Header Files</Filter>
    </ClInclude>
    <ClInclude Include="light.h">
      <Filter>Header Files</Filter>
    </ClInclude>
    <ClInclude Include="missionSystem.h">
      <Filter>Header Files</Filter>
    </ClInclude>
    <ClInclude Include="mp3Player.h">
      <Filter>Header Files</Filter>
    </ClInclude>
    <ClInclude Include="navPoint.h">
      <Filter>Header Files</Filter>
    </ClInclude>
    <ClInclude Include="objectTransform.h">
      <Filter>Header Files</Filter>
    </ClInclude>
    <ClInclude Include="particle.h">
      <Filter>Header Files</Filter>
    </ClInclude>
    <ClInclude Include="playerShip.h">
      <Filter>Header Files</Filter>
    </ClInclude>
    <ClInclude Include="pSystem.h">
      <Filter>Header Files</Filter>
    </ClInclude>
    <ClInclude Include="ship.h">
      <Filter>Header Files</Filter>
    </ClInclude>
    <ClInclude Include="spaceDust.h">
      <Filter>Header Files</Filter>
    </ClInclude>
    <ClInclude Include="userInputs.h">
      <Filter>Header Files</Filter>
    </ClInclude>
    <ClInclude Include="viewObject.h">
      <Filter>Header Files</Filter>
    </ClInclude>
    <ClInclude Include="Core\dxerr.h">
      <Filter>DXUT\Header Files</Filter>
    </ClInclude>
    <ClInclude Include="Core\DXUTenum.h">
      <Filter>DXUT\Header Files</Filter>
    </ClInclude>
    <ClInclude Include="Core\DXUT.h">
      <Filter>DXUT\Header Files</Filter>
    </ClInclude>
    <ClInclude Include="Core\DXUTmisc.h">
      <Filter>DXUT\Header Files</Filter>
    </ClInclude>
    <ClInclude Include="dsutil.h">
      <Filter>Header Files</Filter>
    </ClInclude>
    <ClInclude Include="dxutil.h">
      <Filter>Header Files</Filter>
    </ClInclude>
  </ItemGroup>
  <ItemGroup>
    <None Include="models\low\cockpit.X">
      <Filter>Resource Files</Filter>
    </None>
    <None Include="models\low\cockpitRadar.X">
      <Filter>Resource Files</Filter>
    </None>
    <None Include="models\low\cockpitScreenLeft.X">
      <Filter>Resource Files</Filter>
    </None>
    <None Include="models\low\cockpitScreenRight.X">
      <Filter>Resource Files</Filter>
    </None>
    <None Include="models\med\goodfighter.X">
      <Filter>Resource Files</Filter>
    </None>
    <None Include="models\high\goodfighter.X">
      <Filter>Resource Files</Filter>
    </None>
    <None Include="models\low\goodfighter.X">
      <Filter>Resource Files</Filter>
    </None>
    <None Include="packages.config" />
    <None Include="Core\packages.config">
      <Filter>DXUT</Filter>
    </None>
  </ItemGroup>
</Project>